
Microsoft Visual Studio Solution File, Format Version 12.00
# Visual Studio Version 17
VisualStudioVersion = 17.5.33502.453
MinimumVisualStudioVersion = 10.0.40219.1
Project("{FAE04EC0-301F-11D3-BF4B-00C04F79EFBC}") = "HomeWork", "HomeWork.csproj", "{4CA93147-FCA8-4864-8796-B41145BE07EB}"
EndProject
Global
	GlobalSection(SolutionConfigurationPlatforms) = preSolution
		Debug|Any CPU = Debug|Any CPU
		Release|Any CPU = Release|Any CPU
	EndGlobalSection
	GlobalSection(ProjectConfigurationPlatforms) = postSolution
		{4CA93147-FCA8-4864-8796-B41145BE07EB}.Debug|Any CPU.ActiveCfg = Debug|Any CPU
		{4CA93147-FCA8-4864-8796-B41145BE07EB}.Debug|Any CPU.Build.0 = Debug|Any CPU
		{4CA93147-FCA8-4864-8796-B41145BE07EB}.Release|Any CPU.ActiveCfg = Release|Any CPU
		{4CA93147-FCA8-4864-8796-B41145BE07EB}.Release|Any CPU.Build.0 = Release|Any CPU
	EndGlobalSection
	GlobalSection(SolutionProperties) = preSolution
		HideSolutionNode = FALSE
	EndGlobalSection
	GlobalSection(ExtensibilityGlobals) = postSolution
		SolutionGuid = {6020B3B1-370B-49B9-97EF-B37AAA844B1A}
	EndGlobalSection
EndGlobal
